
Microsoft Visual Studio Solution File, Format Version 12.00
# Visual Studio Version 17
VisualStudioVersion = 17.6.33723.286
MinimumVisualStudioVersion = 10.0.40219.1
Project("{FAE04EC0-301F-11D3-BF4B-00C04F79EFBC}") = "AzureIcons.Web", "AzureIcons.Web.csproj", "{7DDF239E-8627-493F-B714-F9DA5416ACAC}"
EndProject
Global
	GlobalSection(SolutionConfigurationPlatforms) = preSolution
		Debug|Any CPU = Debug|Any CPU
		Release|Any CPU = Release|Any CPU
	EndGlobalSection
	GlobalSection(ProjectConfigurationPlatforms) = postSolution
		{7DDF239E-8627-493F-B714-F9DA5416ACAC}.Debug|Any CPU.ActiveCfg = Debug|Any CPU
		{7DDF239E-8627-493F-B714-F9DA5416ACAC}.Debug|Any CPU.Build.0 = Debug|Any CPU
		{7DDF239E-8627-493F-B714-F9DA5416ACAC}.Release|Any CPU.ActiveCfg = Release|Any CPU
		{7DDF239E-8627-493F-B714-F9DA5416ACAC}.Release|Any CPU.Build.0 = Release|Any CPU
	EndGlobalSection
	GlobalSection(SolutionProperties) = preSolution
		HideSolutionNode = FALSE
	EndGlobalSection
	GlobalSection(ExtensibilityGlobals) = postSolution
		SolutionGuid = {C6B4661F-697F-4B03-82AE-6C0DFF2B66D9}
	EndGlobalSection
EndGlobal
